{
  "name": "@tourepedia/dialog",
  "version": "0.1.0",
  "lockfileVersion": 1,
  "requires": true,
  "dependencies": {
    "@tourepedia/react-hooks": {
      "version": "0.1.0",
      "dev": true,
      "dependencies": {
        "@tourepedia/dom-helpers": {
          "bundled": true
        }
      }
    }
  }
}
